
Microsoft Visual Studio Solution File, Format Version 12.00
# Visual Studio Version 16
VisualStudioVersion = 16.0.31025.194
MinimumVisualStudioVersion = 10.0.40219.1
Project("{FAE04EC0-301F-11D3-BF4B-00C04F79EFBC}") = "graphs", "graphs.csproj", "{794FB633-6801-4037-B892-4D895A29C4AD}"
EndProject
Global
	GlobalSection(SolutionConfigurationPlatforms) = preSolution
		Debug|Any CPU = Debug|Any CPU
		Release|Any CPU = Release|Any CPU
	EndGlobalSection
	GlobalSection(ProjectConfigurationPlatforms) = postSolution
		{794FB633-6801-4037-B892-4D895A29C4AD}.Debug|Any CPU.ActiveCfg = Debug|Any CPU
		{794FB633-6801-4037-B892-4D895A29C4AD}.Debug|Any CPU.Build.0 = Debug|Any CPU
		{794FB633-6801-4037-B892-4D895A29C4AD}.Release|Any CPU.ActiveCfg = Release|Any CPU
		{794FB633-6801-4037-B892-4D895A29C4AD}.Release|Any CPU.Build.0 = Release|Any CPU
	EndGlobalSection
	GlobalSection(SolutionProperties) = preSolution
		HideSolutionNode = FALSE
	EndGlobalSection
	GlobalSection(ExtensibilityGlobals) = postSolution
		SolutionGuid = {99312D2A-3D33-40C6-8BCF-196EF0D08B41}
	EndGlobalSection
EndGlobal
